// !$*UTF8*$!
{
	archiveVersion = 1;
	classes = {
	};
	objectVersion = 56;
	objects = {

/* Begin PBXBuildFile section */
		E70DE8E82BA8D4E400B53A9A /* JobOffersView.swift in Sources */ = {isa = PBXBuildFile; fileRef = E70DE8E72BA8D4E400B53A9A /* JobOffersView.swift */; };
		E70DE8EA2BA8DDEA00B53A9A /* JobSearchByPositionView.swift in Sources */ = {isa = PBXBuildFile; fileRef = E70DE8E92BA8DDEA00B53A9A /* JobSearchByPositionView.swift */; };
		E719D1BE2BA6F9C200E1634E /* EnteringTheReceivedCodeView.swift in Sources */ = {isa = PBXBuildFile; fileRef = E719D1BD2BA6F9C200E1634E /* EnteringTheReceivedCodeView.swift */; };
		E7254C912BA32CE200D408B7 /* JobSearchAPI.swift in Sources */ = {isa = PBXBuildFile; fileRef = E7254C902BA32CE200D408B7 /* JobSearchAPI.swift */; };
		E7254C932BA32D1300D408B7 /* JobModel.swift in Sources */ = {isa = PBXBuildFile; fileRef = E7254C922BA32D1300D408B7 /* JobModel.swift */; };
		E7254C9A2BA32DEF00D408B7 /* VacancyView.swift in Sources */ = {isa = PBXBuildFile; fileRef = E7254C992BA32DEF00D408B7 /* VacancyView.swift */; };
		E7254CA52BA3496800D408B7 /* PersonalAccountView.swift in Sources */ = {isa = PBXBuildFile; fileRef = E7254CA42BA3496800D408B7 /* PersonalAccountView.swift */; };
		E7254CAF2BA3519A00D408B7 /* JobSearchView.swift in Sources */ = {isa = PBXBuildFile; fileRef = E7254CAE2BA3519A00D408B7 /* JobSearchView.swift */; };
		E72705782BA30B090059A7B7 /* JobLookingApp.swift in Sources */ = {isa = PBXBuildFile; fileRef = E72705772BA30B090059A7B7 /* JobLookingApp.swift */; };
		E727057A2BA30B090059A7B7 /* ContentView.swift in Sources */ = {isa = PBXBuildFile; fileRef = E72705792BA30B090059A7B7 /* ContentView.swift */; };
		E727057C2BA30B0B0059A7B7 /* Assets.xcassets in Resources */ = {isa = PBXBuildFile; fileRef = E727057B2BA30B0B0059A7B7 /* Assets.xcassets */; };
		E727057F2BA30B0B0059A7B7 /* Preview Assets.xcassets in Resources */ = {isa = PBXBuildFile; fileRef = E727057E2BA30B0B0059A7B7 /* Preview Assets.xcassets */; };
		E72C29862BA760C900930A51 /* Coordinator.swift in Sources */ = {isa = PBXBuildFile; fileRef = E72C29852BA760C900930A51 /* Coordinator.swift */; };
		E73526BC2BA628DC009D40C1 /* Extension.swift in Sources */ = {isa = PBXBuildFile; fileRef = E73526BB2BA628DC009D40C1 /* Extension.swift */; };
		E73DE5832BADA875001E9B53 /* PeopleLookingFields.swift in Sources */ = {isa = PBXBuildFile; fileRef = E73DE5822BADA875001E9B53 /* PeopleLookingFields.swift */; };
		E73F5FB02BA49C2E0029B1E6 /* Helper.swift in Sources */ = {isa = PBXBuildFile; fileRef = E73F5FAF2BA49C2E0029B1E6 /* Helper.swift */; };
		E73F5FB22BA4D90B0029B1E6 /* SearchForEmployeesView.swift in Sources */ = {isa = PBXBuildFile; fileRef = E73F5FB12BA4D90B0029B1E6 /* SearchForEmployeesView.swift */; };
		E7404A2C2BAC5E29007D4D6E /* TitlePartView.swift in Sources */ = {isa = PBXBuildFile; fileRef = E7404A2B2BAC5E29007D4D6E /* TitlePartView.swift */; };
		E7404A2E2BAC5ECE007D4D6E /* MapCompanyView.swift in Sources */ = {isa = PBXBuildFile; fileRef = E7404A2D2BAC5ECE007D4D6E /* MapCompanyView.swift */; };
		E7404A302BAC5FC6007D4D6E /* QuestionsPartView.swift in Sources */ = {isa = PBXBuildFile; fileRef = E7404A2F2BAC5FC6007D4D6E /* QuestionsPartView.swift */; };
		E7404A352BAC85CC007D4D6E /* CustomTabBarView.swift in Sources */ = {isa = PBXBuildFile; fileRef = E7404A342BAC85CC007D4D6E /* CustomTabBarView.swift */; };
		E7404A392BAC919C007D4D6E /* CustomTabBarViewModel.swift in Sources */ = {isa = PBXBuildFile; fileRef = E7404A382BAC919C007D4D6E /* CustomTabBarViewModel.swift */; };
		E7404A3B2BACACD3007D4D6E /* ContentViewModel.swift in Sources */ = {isa = PBXBuildFile; fileRef = E7404A3A2BACACD3007D4D6E /* ContentViewModel.swift */; };
		E747614E2BA980F20037A683 /* VacansyListView.swift in Sources */ = {isa = PBXBuildFile; fileRef = E747614D2BA980F20037A683 /* VacansyListView.swift */; };
		E74761502BA98C890037A683 /* VacansyCardView.swift in Sources */ = {isa = PBXBuildFile; fileRef = E747614F2BA98C890037A683 /* VacansyCardView.swift */; };
		E74761522BAA34770037A683 /* NetworkService.swift in Sources */ = {isa = PBXBuildFile; fileRef = E74761512BAA34770037A683 /* NetworkService.swift */; };
		E74761542BAA42D20037A683 /* JobsListViewModel.swift in Sources */ = {isa = PBXBuildFile; fileRef = E74761532BAA42D20037A683 /* JobsListViewModel.swift */; };
		E766A5582BA3783B00ACA82E /* JobSearchViewModel.swift in Sources */ = {isa = PBXBuildFile; fileRef = E766A5572BA3783B00ACA82E /* JobSearchViewModel.swift */; };
		E766A55C2BA3948800ACA82E /* ButtonsView.swift in Sources */ = {isa = PBXBuildFile; fileRef = E766A55B2BA3948800ACA82E /* ButtonsView.swift */; };
		E766A55E2BA3949E00ACA82E /* TextViewAndIconView.swift in Sources */ = {isa = PBXBuildFile; fileRef = E766A55D2BA3949E00ACA82E /* TextViewAndIconView.swift */; };
		E781E9212BB1A4A3000C171A /* FavoriteJobsView.swift in Sources */ = {isa = PBXBuildFile; fileRef = E781E9202BB1A4A3000C171A /* FavoriteJobsView.swift */; };
		E781E9252BB1A4C3000C171A /* FavoriteJobsViewModel.swift in Sources */ = {isa = PBXBuildFile; fileRef = E781E9242BB1A4C3000C171A /* FavoriteJobsViewModel.swift */; };
		E782FDE62BA5A77C002189AB /* EnteringTheReceivedCodeViewModel.swift in Sources */ = {isa = PBXBuildFile; fileRef = E782FDE52BA5A77C002189AB /* EnteringTheReceivedCodeViewModel.swift */; };
		E782FDE82BA5AA6D002189AB /* PinCodeTextFieldView.swift in Sources */ = {isa = PBXBuildFile; fileRef = E782FDE72BA5AA6D002189AB /* PinCodeTextFieldView.swift */; };
		E7B5388E2BAB9D3600CB6EED /* CurrentVacancyView.swift in Sources */ = {isa = PBXBuildFile; fileRef = E7B5388D2BAB9D3600CB6EED /* CurrentVacancyView.swift */; };
		E7B538922BAB9D5300CB6EED /* CurrentVacancyViewModel.swift in Sources */ = {isa = PBXBuildFile; fileRef = E7B538912BAB9D5300CB6EED /* CurrentVacancyViewModel.swift */; };
/* End PBXBuildFile section */

/* Begin PBXFileReference section */
		E70DE8E72BA8D4E400B53A9A /* JobOffersView.swift */ = {isa = PBXFileReference; lastKnownFileType = sourcecode.swift; path = JobOffersView.swift; sourceTree = "<group>"; };
		E70DE8E92BA8DDEA00B53A9A /* JobSearchByPositionView.swift */ = {isa = PBXFileReference; lastKnownFileType = sourcecode.swift; path = JobSearchByPositionView.swift; sourceTree = "<group>"; };
		E719D1BD2BA6F9C200E1634E /* EnteringTheReceivedCodeView.swift */ = {isa = PBXFileReference; lastKnownFileType = sourcecode.swift; path = EnteringTheReceivedCodeView.swift; sourceTree = "<group>"; };
		E7254C902BA32CE200D408B7 /* JobSearchAPI.swift */ = {isa = PBXFileReference; lastKnownFileType = sourcecode.swift; path = JobSearchAPI.swift; sourceTree = "<group>"; };
		E7254C922BA32D1300D408B7 /* JobModel.swift */ = {isa = PBXFileReference; lastKnownFileType = sourcecode.swift; path = JobModel.swift; sourceTree = "<group>"; };
		E7254C992BA32DEF00D408B7 /* VacancyView.swift */ = {isa = PBXFileReference; lastKnownFileType = sourcecode.swift; path = VacancyView.swift; sourceTree = "<group>"; };
		E7254CA42BA3496800D408B7 /* PersonalAccountView.swift */ = {isa = PBXFileReference; lastKnownFileType = sourcecode.swift; path = PersonalAccountView.swift; sourceTree = "<group>"; };
		E7254CAE2BA3519A00D408B7 /* JobSearchView.swift */ = {isa = PBXFileReference; lastKnownFileType = sourcecode.swift; path = JobSearchView.swift; sourceTree = "<group>"; };
		E72705742BA30B090059A7B7 /* JobLooking.app */ = {isa = PBXFileReference; explicitFileType = wrapper.application; includeInIndex = 0; path = JobLooking.app; sourceTree = BUILT_PRODUCTS_DIR; };
		E72705772BA30B090059A7B7 /* JobLookingApp.swift */ = {isa = PBXFileReference; lastKnownFileType = sourcecode.swift; path = JobLookingApp.swift; sourceTree = "<group>"; };
		E72705792BA30B090059A7B7 /* ContentView.swift */ = {isa = PBXFileReference; lastKnownFileType = sourcecode.swift; path = ContentView.swift; sourceTree = "<group>"; };
		E727057B2BA30B0B0059A7B7 /* Assets.xcassets */ = {isa = PBXFileReference; lastKnownFileType = folder.assetcatalog; path = Assets.xcassets; sourceTree = "<group>"; };
		E727057E2BA30B0B0059A7B7 /* Preview Assets.xcassets */ = {isa = PBXFileReference; lastKnownFileType = folder.assetcatalog; path = "Preview Assets.xcassets"; sourceTree = "<group>"; };
		E72C29852BA760C900930A51 /* Coordinator.swift */ = {isa = PBXFileReference; lastKnownFileType = sourcecode.swift; path = Coordinator.swift; sourceTree = "<group>"; };
		E73526BB2BA628DC009D40C1 /* Extension.swift */ = {isa = PBXFileReference; lastKnownFileType = sourcecode.swift; path = Extension.swift; sourceTree = "<group>"; };
		E73DE5822BADA875001E9B53 /* PeopleLookingFields.swift */ = {isa = PBXFileReference; lastKnownFileType = sourcecode.swift; path = PeopleLookingFields.swift; sourceTree = "<group>"; };
		E73F5FAF2BA49C2E0029B1E6 /* Helper.swift */ = {isa = PBXFileReference; lastKnownFileType = sourcecode.swift; path = Helper.swift; sourceTree = "<group>"; };
		E73F5FB12BA4D90B0029B1E6 /* SearchForEmployeesView.swift */ = {isa = PBXFileReference; lastKnownFileType = sourcecode.swift; path = SearchForEmployeesView.swift; sourceTree = "<group>"; };
		E7404A2B2BAC5E29007D4D6E /* TitlePartView.swift */ = {isa = PBXFileReference; lastKnownFileType = sourcecode.swift; path = TitlePartView.swift; sourceTree = "<group>"; };
		E7404A2D2BAC5ECE007D4D6E /* MapCompanyView.swift */ = {isa = PBXFileReference; lastKnownFileType = sourcecode.swift; path = MapCompanyView.swift; sourceTree = "<group>"; };
		E7404A2F2BAC5FC6007D4D6E /* QuestionsPartView.swift */ = {isa = PBXFileReference; lastKnownFileType = sourcecode.swift; path = QuestionsPartView.swift; sourceTree = "<group>"; };
		E7404A342BAC85CC007D4D6E /* CustomTabBarView.swift */ = {isa = PBXFileReference; lastKnownFileType = sourcecode.swift; path = CustomTabBarView.swift; sourceTree = "<group>"; };
		E7404A382BAC919C007D4D6E /* CustomTabBarViewModel.swift */ = {isa = PBXFileReference; lastKnownFileType = sourcecode.swift; path = CustomTabBarViewModel.swift; sourceTree = "<group>"; };
		E7404A3A2BACACD3007D4D6E /* ContentViewModel.swift */ = {isa = PBXFileReference; lastKnownFileType = sourcecode.swift; path = ContentViewModel.swift; sourceTree = "<group>"; };
		E747614D2BA980F20037A683 /* VacansyListView.swift */ = {isa = PBXFileReference; lastKnownFileType = sourcecode.swift; path = VacansyListView.swift; sourceTree = "<group>"; };
		E747614F2BA98C890037A683 /* VacansyCardView.swift */ = {isa = PBXFileReference; lastKnownFileType = sourcecode.swift; path = VacansyCardView.swift; sourceTree = "<group>"; };
		E74761512BAA34770037A683 /* NetworkService.swift */ = {isa = PBXFileReference; lastKnownFileType = sourcecode.swift; path = NetworkService.swift; sourceTree = "<group>"; };
		E74761532BAA42D20037A683 /* JobsListViewModel.swift */ = {isa = PBXFileReference; lastKnownFileType = sourcecode.swift; path = JobsListViewModel.swift; sourceTree = "<group>"; };
		E766A5572BA3783B00ACA82E /* JobSearchViewModel.swift */ = {isa = PBXFileReference; lastKnownFileType = sourcecode.swift; path = JobSearchViewModel.swift; sourceTree = "<group>"; };
		E766A55B2BA3948800ACA82E /* ButtonsView.swift */ = {isa = PBXFileReference; lastKnownFileType = sourcecode.swift; path = ButtonsView.swift; sourceTree = "<group>"; };
		E766A55D2BA3949E00ACA82E /* TextViewAndIconView.swift */ = {isa = PBXFileReference; lastKnownFileType = sourcecode.swift; path = TextViewAndIconView.swift; sourceTree = "<group>"; };
		E781E9202BB1A4A3000C171A /* FavoriteJobsView.swift */ = {isa = PBXFileReference; lastKnownFileType = sourcecode.swift; path = FavoriteJobsView.swift; sourceTree = "<group>"; };
		E781E9242BB1A4C3000C171A /* FavoriteJobsViewModel.swift */ = {isa = PBXFileReference; lastKnownFileType = sourcecode.swift; path = FavoriteJobsViewModel.swift; sourceTree = "<group>"; };
		E782FDE52BA5A77C002189AB /* EnteringTheReceivedCodeViewModel.swift */ = {isa = PBXFileReference; lastKnownFileType = sourcecode.swift; path = EnteringTheReceivedCodeViewModel.swift; sourceTree = "<group>"; };
		E782FDE72BA5AA6D002189AB /* PinCodeTextFieldView.swift */ = {isa = PBXFileReference; lastKnownFileType = sourcecode.swift; path = PinCodeTextFieldView.swift; sourceTree = "<group>"; };
		E7B5388D2BAB9D3600CB6EED /* CurrentVacancyView.swift */ = {isa = PBXFileReference; lastKnownFileType = sourcecode.swift; path = CurrentVacancyView.swift; sourceTree = "<group>"; };
		E7B538912BAB9D5300CB6EED /* CurrentVacancyViewModel.swift */ = {isa = PBXFileReference; lastKnownFileType = sourcecode.swift; path = CurrentVacancyViewModel.swift; sourceTree = "<group>"; };
/* End PBXFileReference section */

/* Begin PBXFrameworksBuildPhase section */
		E72705712BA30B090059A7B7 /* Frameworks */ = {
			isa = PBXFrameworksBuildPhase;
			buildActionMask = 2147483647;
			files = (
			);
			runOnlyForDeploymentPostprocessing = 0;
		};
/* End PBXFrameworksBuildPhase section */

/* Begin PBXGroup section */
		E70DE8E62BA8D4CB00B53A9A /* JobListView */ = {
			isa = PBXGroup;
			children = (
				E70DE8E72BA8D4E400B53A9A /* JobOffersView.swift */,
				E70DE8E92BA8DDEA00B53A9A /* JobSearchByPositionView.swift */,
				E747614D2BA980F20037A683 /* VacansyListView.swift */,
				E747614F2BA98C890037A683 /* VacansyCardView.swift */,
			);
			path = JobListView;
			sourceTree = "<group>";
		};
		E7254C8A2BA32C8900D408B7 /* JobList */ = {
			isa = PBXGroup;
			children = (
				E7254C8E2BA32CB200D408B7 /* Models */,
				E7254C8C2BA32CA700D408B7 /* View */,
				E7254C8B2BA32C9400D408B7 /* ViewModel */,
			);
			path = JobList;
			sourceTree = "<group>";
		};
		E7254C8B2BA32C9400D408B7 /* ViewModel */ = {
			isa = PBXGroup;
			children = (
				E74761532BAA42D20037A683 /* JobsListViewModel.swift */,
			);
			path = ViewModel;
			sourceTree = "<group>";
		};
		E7254C8C2BA32CA700D408B7 /* View */ = {
			isa = PBXGroup;
			children = (
				E7254C992BA32DEF00D408B7 /* VacancyView.swift */,
				E70DE8E62BA8D4CB00B53A9A /* JobListView */,
			);
			path = View;
			sourceTree = "<group>";
		};
		E7254C8E2BA32CB200D408B7 /* Models */ = {
			isa = PBXGroup;
			children = (
				E7254C922BA32D1300D408B7 /* JobModel.swift */,
			);
			path = Models;
			sourceTree = "<group>";
		};
		E7254C8F2BA32CC600D408B7 /* Api */ = {
			isa = PBXGroup;
			children = (
				E7254C902BA32CE200D408B7 /* JobSearchAPI.swift */,
			);
			path = Api;
			sourceTree = "<group>";
		};
		E7254C962BA32D5A00D408B7 /* Services */ = {
			isa = PBXGroup;
			children = (
				E74761512BAA34770037A683 /* NetworkService.swift */,
			);
			path = Services;
			sourceTree = "<group>";
		};
		E7254C9F2BA3492B00D408B7 /* PersonalAccount */ = {
			isa = PBXGroup;
			children = (
				E7254CA62BA34C9B00D408B7 /* LogIn */,
				E7254CA82BA34D4700D408B7 /* SearchForEmployees */,
			);
			path = PersonalAccount;
			sourceTree = "<group>";
		};
		E7254CA02BA3493300D408B7 /* PersonalAccountViews */ = {
			isa = PBXGroup;
			children = (
				E7254CA42BA3496800D408B7 /* PersonalAccountView.swift */,
			);
			path = PersonalAccountViews;
			sourceTree = "<group>";
		};
		E7254CA62BA34C9B00D408B7 /* LogIn */ = {
			isa = PBXGroup;
			children = (
				E7254CA02BA3493300D408B7 /* PersonalAccountViews */,
			);
			path = LogIn;
			sourceTree = "<group>";
		};
		E7254CA72BA34D3600D408B7 /* WelcomeScreen */ = {
			isa = PBXGroup;
			children = (
				E7254CAE2BA3519A00D408B7 /* JobSearchView.swift */,
				E7254C9F2BA3492B00D408B7 /* PersonalAccount */,
				E7254CAA2BA34D8000D408B7 /* JobSearchViews */,
				E7254CA92BA34D6500D408B7 /* JobSearchViewModels */,
			);
			path = WelcomeScreen;
			sourceTree = "<group>";
		};
		E7254CA82BA34D4700D408B7 /* SearchForEmployees */ = {
			isa = PBXGroup;
			children = (
				E7254CAD2BA34D9E00D408B7 /* SearchForEmployeesViews */,
			);
			path = SearchForEmployees;
			sourceTree = "<group>";
		};
		E7254CA92BA34D6500D408B7 /* JobSearchViewModels */ = {
			isa = PBXGroup;
			children = (
				E766A5572BA3783B00ACA82E /* JobSearchViewModel.swift */,
			);
			path = JobSearchViewModels;
			sourceTree = "<group>";
		};
		E7254CAA2BA34D8000D408B7 /* JobSearchViews */ = {
			isa = PBXGroup;
			children = (
				E766A5592BA3946400ACA82E /* TextViewAndIcon */,
				E766A55A2BA3947000ACA82E /* ButtonsView */,
			);
			path = JobSearchViews;
			sourceTree = "<group>";
		};
		E7254CAD2BA34D9E00D408B7 /* SearchForEmployeesViews */ = {
			isa = PBXGroup;
			children = (
				E73F5FB12BA4D90B0029B1E6 /* SearchForEmployeesView.swift */,
			);
			path = SearchForEmployeesViews;
			sourceTree = "<group>";
		};
		E727056B2BA30B090059A7B7 = {
			isa = PBXGroup;
			children = (
				E72705762BA30B090059A7B7 /* JobLooking */,
				E72705752BA30B090059A7B7 /* Products */,
			);
			sourceTree = "<group>";
		};
		E72705752BA30B090059A7B7 /* Products */ = {
			isa = PBXGroup;
			children = (
				E72705742BA30B090059A7B7 /* JobLooking.app */,
			);
			name = Products;
			sourceTree = "<group>";
		};
		E72705762BA30B090059A7B7 /* JobLooking */ = {
			isa = PBXGroup;
			children = (
				E72705772BA30B090059A7B7 /* JobLookingApp.swift */,
				E72C29852BA760C900930A51 /* Coordinator.swift */,
				E72C29842BA760AF00930A51 /* ViewAndCoordinator */,
				E7254C8F2BA32CC600D408B7 /* Api */,
				E7254C962BA32D5A00D408B7 /* Services */,
				E73526BD2BA6297D009D40C1 /* ExtensionsAndHelpers */,
				E727057B2BA30B0B0059A7B7 /* Assets.xcassets */,
				E727057D2BA30B0B0059A7B7 /* Preview Content */,
			);
			path = JobLooking;
			sourceTree = "<group>";
		};
		E727057D2BA30B0B0059A7B7 /* Preview Content */ = {
			isa = PBXGroup;
			children = (
				E727057E2BA30B0B0059A7B7 /* Preview Assets.xcassets */,
			);
			path = "Preview Content";
			sourceTree = "<group>";
		};
		E72C29832BA7608500930A51 /* ViewsAndModelViewoup */ = {
			isa = PBXGroup;
			children = (
				E7254CA72BA34D3600D408B7 /* WelcomeScreen */,
				E782FDE22BA59FBD002189AB /* EnteringTheReceivedCode */,
				E7254C8A2BA32C8900D408B7 /* JobList */,
				E781E91F2BB1A477000C171A /* FavoriteJobs */,
				E7B5388C2BAB9D1C00CB6EED /* CurrentVacancy */,
				E7404A332BAC85B7007D4D6E /* CustomTabBar */,
			);
			path = ViewsAndModelViewoup;
			sourceTree = "<group>";
		};
		E72C29842BA760AF00930A51 /* ViewAndCoordinator */ = {
			isa = PBXGroup;
			children = (
				E7404A3C2BACB4F3007D4D6E /* ContentView */,
				E72C29832BA7608500930A51 /* ViewsAndModelViewoup */,
			);
			path = ViewAndCoordinator;
			sourceTree = "<group>";
		};
		E73526BD2BA6297D009D40C1 /* ExtensionsAndHelpers */ = {
			isa = PBXGroup;
			children = (
				E73526BB2BA628DC009D40C1 /* Extension.swift */,
				E73F5FAF2BA49C2E0029B1E6 /* Helper.swift */,
			);
			path = ExtensionsAndHelpers;
			sourceTree = "<group>";
		};
		E73DE5812BADA851001E9B53 /* TitleAndGreenFields */ = {
			isa = PBXGroup;
			children = (
				E7404A2B2BAC5E29007D4D6E /* TitlePartView.swift */,
				E73DE5822BADA875001E9B53 /* PeopleLookingFields.swift */,
			);
			path = TitleAndGreenFields;
			sourceTree = "<group>";
		};
		E7404A2A2BAC5E05007D4D6E /* Views */ = {
			isa = PBXGroup;
			children = (
				E73DE5812BADA851001E9B53 /* TitleAndGreenFields */,
				E7404A2D2BAC5ECE007D4D6E /* MapCompanyView.swift */,
				E7404A2F2BAC5FC6007D4D6E /* QuestionsPartView.swift */,
			);
			path = Views;
			sourceTree = "<group>";
		};
		E7404A332BAC85B7007D4D6E /* CustomTabBar */ = {
			isa = PBXGroup;
			children = (
				E7404A342BAC85CC007D4D6E /* CustomTabBarView.swift */,
				E7404A382BAC919C007D4D6E /* CustomTabBarViewModel.swift */,
			);
			path = CustomTabBar;
			sourceTree = "<group>";
		};
		E7404A3C2BACB4F3007D4D6E /* ContentView */ = {
			isa = PBXGroup;
			children = (
				E72705792BA30B090059A7B7 /* ContentView.swift */,
				E7404A3A2BACACD3007D4D6E /* ContentViewModel.swift */,
			);
			path = ContentView;
			sourceTree = "<group>";
		};
		E766A5592BA3946400ACA82E /* TextViewAndIcon */ = {
			isa = PBXGroup;
			children = (
				E766A55D2BA3949E00ACA82E /* TextViewAndIconView.swift */,
			);
			path = TextViewAndIcon;
			sourceTree = "<group>";
		};
		E766A55A2BA3947000ACA82E /* ButtonsView */ = {
			isa = PBXGroup;
			children = (
				E766A55B2BA3948800ACA82E /* ButtonsView.swift */,
			);
			path = ButtonsView;
			sourceTree = "<group>";
		};
		E781E91F2BB1A477000C171A /* FavoriteJobs */ = {
			isa = PBXGroup;
			children = (
				E781E9232BB1A4AF000C171A /* ViewModel */,
				E781E9222BB1A4A8000C171A /* View */,
			);
			path = FavoriteJobs;
			sourceTree = "<group>";
		};
		E781E9222BB1A4A8000C171A /* View */ = {
			isa = PBXGroup;
			children = (
				E781E9202BB1A4A3000C171A /* FavoriteJobsView.swift */,
			);
			path = View;
			sourceTree = "<group>";
		};
		E781E9232BB1A4AF000C171A /* ViewModel */ = {
			isa = PBXGroup;
			children = (
				E781E9242BB1A4C3000C171A /* FavoriteJobsViewModel.swift */,
			);
			path = ViewModel;
			sourceTree = "<group>";
		};
		E782FDE22BA59FBD002189AB /* EnteringTheReceivedCode */ = {
			isa = PBXGroup;
			children = (
				E719D1BD2BA6F9C200E1634E /* EnteringTheReceivedCodeView.swift */,
				E782FDE42BA59FE2002189AB /* EnteringTheReceivedCodeViewModel */,
				E782FDE32BA59FCF002189AB /* PinCodeView */,
			);
			path = EnteringTheReceivedCode;
			sourceTree = "<group>";
		};
		E782FDE32BA59FCF002189AB /* PinCodeView */ = {
			isa = PBXGroup;
			children = (
				E782FDE92BA5B36C002189AB /* PinCodeTextFields */,
			);
			path = PinCodeView;
			sourceTree = "<group>";
		};
		E782FDE42BA59FE2002189AB /* EnteringTheReceivedCodeViewModel */ = {
			isa = PBXGroup;
			children = (
				E782FDE52BA5A77C002189AB /* EnteringTheReceivedCodeViewModel.swift */,
			);
			path = EnteringTheReceivedCodeViewModel;
			sourceTree = "<group>";
		};
		E782FDE92BA5B36C002189AB /* PinCodeTextFields */ = {
			isa = PBXGroup;
			children = (
				E782FDE72BA5AA6D002189AB /* PinCodeTextFieldView.swift */,
			);
			path = PinCodeTextFields;
			sourceTree = "<group>";
		};
		E7B5388C2BAB9D1C00CB6EED /* CurrentVacancy */ = {
			isa = PBXGroup;
			children = (
				E7B538902BAB9D4100CB6EED /* ViewModels */,
				E7B5388F2BAB9D3B00CB6EED /* Views */,
			);
			path = CurrentVacancy;
			sourceTree = "<group>";
		};
		E7B5388F2BAB9D3B00CB6EED /* Views */ = {
			isa = PBXGroup;
			children = (
				E7B5388D2BAB9D3600CB6EED /* CurrentVacancyView.swift */,
				E7404A2A2BAC5E05007D4D6E /* Views */,
			);
			path = Views;
			sourceTree = "<group>";
		};
		E7B538902BAB9D4100CB6EED /* ViewModels */ = {
			isa = PBXGroup;
			children = (
				E7B538912BAB9D5300CB6EED /* CurrentVacancyViewModel.swift */,
			);
			path = ViewModels;
			sourceTree = "<group>";
		};
/* End PBXGroup section */

/* Begin PBXNativeTarget section */
		E72705732BA30B090059A7B7 /* JobLooking */ = {
			isa = PBXNativeTarget;
			buildConfigurationList = E72705822BA30B0B0059A7B7 /* Build configuration list for PBXNativeTarget "JobLooking" */;
			buildPhases = (
				E72705702BA30B090059A7B7 /* Sources */,
				E72705712BA30B090059A7B7 /* Frameworks */,
				E72705722BA30B090059A7B7 /* Resources */,
			);
			buildRules = (
			);
			dependencies = (
			);
			name = JobLooking;
			productName = JobLooking;
			productReference = E72705742BA30B090059A7B7 /* JobLooking.app */;
			productType = "com.apple.product-type.application";
		};
/* End PBXNativeTarget section */

/* Begin PBXProject section */
		E727056C2BA30B090059A7B7 /* Project object */ = {
			isa = PBXProject;
			attributes = {
				BuildIndependentTargetsInParallel = 1;
				LastSwiftUpdateCheck = 1420;
				LastUpgradeCheck = 1420;
				TargetAttributes = {
					E72705732BA30B090059A7B7 = {
						CreatedOnToolsVersion = 14.2;
					};
				};
			};
			buildConfigurationList = E727056F2BA30B090059A7B7 /* Build configuration list for PBXProject "JobLooking" */;
			compatibilityVersion = "Xcode 14.0";
			developmentRegion = en;
			hasScannedForEncodings = 0;
			knownRegions = (
				en,
				Base,
			);
			mainGroup = E727056B2BA30B090059A7B7;
			productRefGroup = E72705752BA30B090059A7B7 /* Products */;
			projectDirPath = "";
			projectRoot = "";
			targets = (
				E72705732BA30B090059A7B7 /* JobLooking */,
			);
		};
/* End PBXProject section */

/* Begin PBXResourcesBuildPhase section */
		E72705722BA30B090059A7B7 /* Resources */ = {
			isa = PBXResourcesBuildPhase;
			buildActionMask = 2147483647;
			files = (
				E727057F2BA30B0B0059A7B7 /* Preview Assets.xcassets in Resources */,
				E727057C2BA30B0B0059A7B7 /* Assets.xcassets in Resources */,
			);
			runOnlyForDeploymentPostprocessing = 0;
		};
/* End PBXResourcesBuildPhase section */

/* Begin PBXSourcesBuildPhase section */
		E72705702BA30B090059A7B7 /* Sources */ = {
			isa = PBXSourcesBuildPhase;
			buildActionMask = 2147483647;
			files = (
				E70DE8EA2BA8DDEA00B53A9A /* JobSearchByPositionView.swift in Sources */,
				E766A55E2BA3949E00ACA82E /* TextViewAndIconView.swift in Sources */,
				E73F5FB02BA49C2E0029B1E6 /* Helper.swift in Sources */,
				E73DE5832BADA875001E9B53 /* PeopleLookingFields.swift in Sources */,
				E73F5FB22BA4D90B0029B1E6 /* SearchForEmployeesView.swift in Sources */,
				E747614E2BA980F20037A683 /* VacansyListView.swift in Sources */,
				E782FDE82BA5AA6D002189AB /* PinCodeTextFieldView.swift in Sources */,
				E7B5388E2BAB9D3600CB6EED /* CurrentVacancyView.swift in Sources */,
				E7254C9A2BA32DEF00D408B7 /* VacancyView.swift in Sources */,
				E7254CA52BA3496800D408B7 /* PersonalAccountView.swift in Sources */,
				E74761542BAA42D20037A683 /* JobsListViewModel.swift in Sources */,
				E727057A2BA30B090059A7B7 /* ContentView.swift in Sources */,
				E781E9212BB1A4A3000C171A /* FavoriteJobsView.swift in Sources */,
				E7404A302BAC5FC6007D4D6E /* QuestionsPartView.swift in Sources */,
				E74761502BA98C890037A683 /* VacansyCardView.swift in Sources */,
				E7254C932BA32D1300D408B7 /* JobModel.swift in Sources */,
				E7B538922BAB9D5300CB6EED /* CurrentVacancyViewModel.swift in Sources */,
				E7404A2E2BAC5ECE007D4D6E /* MapCompanyView.swift in Sources */,
				E72705782BA30B090059A7B7 /* JobLookingApp.swift in Sources */,
				E766A55C2BA3948800ACA82E /* ButtonsView.swift in Sources */,
				E70DE8E82BA8D4E400B53A9A /* JobOffersView.swift in Sources */,
				E719D1BE2BA6F9C200E1634E /* EnteringTheReceivedCodeView.swift in Sources */,
				E7404A2C2BAC5E29007D4D6E /* TitlePartView.swift in Sources */,
				E72C29862BA760C900930A51 /* Coordinator.swift in Sources */,
				E766A5582BA3783B00ACA82E /* JobSearchViewModel.swift in Sources */,
				E74761522BAA34770037A683 /* NetworkService.swift in Sources */,
				E7404A3B2BACACD3007D4D6E /* ContentViewModel.swift in Sources */,
				E7254CAF2BA3519A00D408B7 /* JobSearchView.swift in Sources */,
				E7254C912BA32CE200D408B7 /* JobSearchAPI.swift in Sources */,
				E73526BC2BA628DC009D40C1 /* Extension.swift in Sources */,
				E782FDE62BA5A77C002189AB /* EnteringTheReceivedCodeViewModel.swift in Sources */,
				E7404A352BAC85CC007D4D6E /* CustomTabBarView.swift in Sources */,
				E781E9252BB1A4C3000C171A /* FavoriteJobsViewModel.swift in Sources */,
				E7404A392BAC919C007D4D6E /* CustomTabBarViewModel.swift in Sources */,
			);
			runOnlyForDeploymentPostprocessing = 0;
		};
/* End PBXSourcesBuildPhase section */

/* Begin XCBuildConfiguration section */
		E72705802BA30B0B0059A7B7 /* Debug */ = {
			isa = XCBuildConfiguration;
			buildSettings = {
				ALWAYS_SEARCH_USER_PATHS = NO;
				CLANG_ANALYZER_NONNULL = YES;
				CLANG_ANALYZER_NUMBER_OBJECT_CONVERSION = YES_AGGRESSIVE;
				CLANG_CXX_LANGUAGE_STANDARD = "gnu++20";
				CLANG_ENABLE_MODULES = YES;
				CLANG_ENABLE_OBJC_ARC = YES;
				CLANG_ENABLE_OBJC_WEAK = YES;
				CLANG_WARN_BLOCK_CAPTURE_AUTORELEASING = YES;
				CLANG_WARN_BOOL_CONVERSION = YES;
				CLANG_WARN_COMMA = YES;
				CLANG_WARN_CONSTANT_CONVERSION = YES;
				CLANG_WARN_DEPRECATED_OBJC_IMPLEMENTATIONS = YES;
				CLANG_WARN_DIRECT_OBJC_ISA_USAGE = YES_ERROR;
				CLANG_WARN_DOCUMENTATION_COMMENTS = YES;
				CLANG_WARN_EMPTY_BODY = YES;
				CLANG_WARN_ENUM_CONVERSION = YES;
				CLANG_WARN_INFINITE_RECURSION = YES;
				CLANG_WARN_INT_CONVERSION = YES;
				CLANG_WARN_NON_LITERAL_NULL_CONVERSION = YES;
				CLANG_WARN_OBJC_IMPLICIT_RETAIN_SELF = YES;
				CLANG_WARN_OBJC_LITERAL_CONVERSION = YES;
				CLANG_WARN_OBJC_ROOT_CLASS = YES_ERROR;
				CLANG_WARN_QUOTED_INCLUDE_IN_FRAMEWORK_HEADER = YES;
				CLANG_WARN_RANGE_LOOP_ANALYSIS = YES;
				CLANG_WARN_STRICT_PROTOTYPES = YES;
				CLANG_WARN_SUSPICIOUS_MOVE = YES;
				CLANG_WARN_UNGUARDED_AVAILABILITY = YES_AGGRESSIVE;
				CLANG_WARN_UNREACHABLE_CODE = YES;
				CLANG_WARN__DUPLICATE_METHOD_MATCH = YES;
				COPY_PHASE_STRIP = NO;
				DEBUG_INFORMATION_FORMAT = dwarf;
				ENABLE_STRICT_OBJC_MSGSEND = YES;
				ENABLE_TESTABILITY = YES;
				GCC_C_LANGUAGE_STANDARD = gnu11;
				GCC_DYNAMIC_NO_PIC = NO;
				GCC_NO_COMMON_BLOCKS = YES;
				GCC_OPTIMIZATION_LEVEL = 0;
				GCC_PREPROCESSOR_DEFINITIONS = (
					"DEBUG=1",
					"$(inherited)",
				);
				GCC_WARN_64_TO_32_BIT_CONVERSION = YES;
				GCC_WARN_ABOUT_RETURN_TYPE = YES_ERROR;
				GCC_WARN_UNDECLARED_SELECTOR = YES;
				GCC_WARN_UNINITIALIZED_AUTOS = YES_AGGRESSIVE;
				GCC_WARN_UNUSED_FUNCTION = YES;
				GCC_WARN_UNUSED_VARIABLE = YES;
				IPHONEOS_DEPLOYMENT_TARGET = 16.2;
				MTL_ENABLE_DEBUG_INFO = INCLUDE_SOURCE;
				MTL_FAST_MATH = YES;
				ONLY_ACTIVE_ARCH = YES;
				SDKROOT = iphoneos;
				SWIFT_ACTIVE_COMPILATION_CONDITIONS = DEBUG;
				SWIFT_OPTIMIZATION_LEVEL = "-Onone";
			};
			name = Debug;
		};
		E72705812BA30B0B0059A7B7 /* Release */ = {
			isa = XCBuildConfiguration;
			buildSettings = {
				ALWAYS_SEARCH_USER_PATHS = NO;
				CLANG_ANALYZER_NONNULL = YES;
				CLANG_ANALYZER_NUMBER_OBJECT_CONVERSION = YES_AGGRESSIVE;
				CLANG_CXX_LANGUAGE_STANDARD = "gnu++20";
				CLANG_ENABLE_MODULES = YES;
				CLANG_ENABLE_OBJC_ARC = YES;
				CLANG_ENABLE_OBJC_WEAK = YES;
				CLANG_WARN_BLOCK_CAPTURE_AUTORELEASING = YES;
				CLANG_WARN_BOOL_CONVERSION = YES;
				CLANG_WARN_COMMA = YES;
				CLANG_WARN_CONSTANT_CONVERSION = YES;
				CLANG_WARN_DEPRECATED_OBJC_IMPLEMENTATIONS = YES;
				CLANG_WARN_DIRECT_OBJC_ISA_USAGE = YES_ERROR;
				CLANG_WARN_DOCUMENTATION_COMMENTS = YES;
				CLANG_WARN_EMPTY_BODY = YES;
				CLANG_WARN_ENUM_CONVERSION = YES;
				CLANG_WARN_INFINITE_RECURSION = YES;
				CLANG_WARN_INT_CONVERSION = YES;
				CLANG_WARN_NON_LITERAL_NULL_CONVERSION = YES;
				CLANG_WARN_OBJC_IMPLICIT_RETAIN_SELF = YES;
				CLANG_WARN_OBJC_LITERAL_CONVERSION = YES;
				CLANG_WARN_OBJC_ROOT_CLASS = YES_ERROR;
				CLANG_WARN_QUOTED_INCLUDE_IN_FRAMEWORK_HEADER = YES;
				CLANG_WARN_RANGE_LOOP_ANALYSIS = YES;
				CLANG_WARN_STRICT_PROTOTYPES = YES;
				CLANG_WARN_SUSPICIOUS_MOVE = YES;
				CLANG_WARN_UNGUARDED_AVAILABILITY = YES_AGGRESSIVE;
				CLANG_WARN_UNREACHABLE_CODE = YES;
				CLANG_WARN__DUPLICATE_METHOD_MATCH = YES;
				COPY_PHASE_STRIP = NO;
				DEBUG_INFORMATION_FORMAT = "dwarf-with-dsym";
				ENABLE_NS_ASSERTIONS = NO;
				ENABLE_STRICT_OBJC_MSGSEND = YES;
				GCC_C_LANGUAGE_STANDARD = gnu11;
				GCC_NO_COMMON_BLOCKS = YES;
				GCC_WARN_64_TO_32_BIT_CONVERSION = YES;
				GCC_WARN_ABOUT_RETURN_TYPE = YES_ERROR;
				GCC_WARN_UNDECLARED_SELECTOR = YES;
				GCC_WARN_UNINITIALIZED_AUTOS = YES_AGGRESSIVE;
				GCC_WARN_UNUSED_FUNCTION = YES;
				GCC_WARN_UNUSED_VARIABLE = YES;
				IPHONEOS_DEPLOYMENT_TARGET = 16.2;
				MTL_ENABLE_DEBUG_INFO = NO;
				MTL_FAST_MATH = YES;
				SDKROOT = iphoneos;
				SWIFT_COMPILATION_MODE = wholemodule;
				SWIFT_OPTIMIZATION_LEVEL = "-O";
				VALIDATE_PRODUCT = YES;
			};
			name = Release;
		};
		E72705832BA30B0B0059A7B7 /* Debug */ = {
			isa = XCBuildConfiguration;
			buildSettings = {
				ASSETCATALOG_COMPILER_APPICON_NAME = AppIcon;
				ASSETCATALOG_COMPILER_GLOBAL_ACCENT_COLOR_NAME = AccentColor;
				CODE_SIGN_STYLE = Automatic;
				CURRENT_PROJECT_VERSION = 1;
				DEVELOPMENT_ASSET_PATHS = "\"JobLooking/Preview Content\"";
				ENABLE_PREVIEWS = YES;
				GENERATE_INFOPLIST_FILE = YES;
				INFOPLIST_KEY_UIApplicationSceneManifest_Generation = YES;
				INFOPLIST_KEY_UIApplicationSupportsIndirectInputEvents = YES;
				INFOPLIST_KEY_UILaunchScreen_Generation = YES;
				INFOPLIST_KEY_UISupportedInterfaceOrientations_iPad = "UIInterfaceOrientationPortrait UIInterfaceOrientationPortraitUpsideDown UIInterfaceOrientationLandscapeLeft UIInterfaceOrientationLandscapeRight";
				INFOPLIST_KEY_UISupportedInterfaceOrientations_iPhone = "UIInterfaceOrientationPortrait UIInterfaceOrientationLandscapeLeft UIInterfaceOrientationLandscapeRight";
				LD_RUNPATH_SEARCH_PATHS = (
					"$(inherited)",
					"@executable_path/Frameworks",
				);
				MARKETING_VERSION = 1.0;
				PRODUCT_BUNDLE_IDENTIFIER = "-2121.JobLooking";
				PRODUCT_NAME = "$(TARGET_NAME)";
				SUPPORTED_PLATFORMS = "iphoneos iphonesimulator";
				SUPPORTS_MACCATALYST = NO;
				SUPPORTS_MAC_DESIGNED_FOR_IPHONE_IPAD = NO;
				SWIFT_EMIT_LOC_STRINGS = YES;
				SWIFT_VERSION = 5.0;
				TARGETED_DEVICE_FAMILY = 1;
			};
			name = Debug;
		};
		E72705842BA30B0B0059A7B7 /* Release */ = {
			isa = XCBuildConfiguration;
			buildSettings = {
				ASSETCATALOG_COMPILER_APPICON_NAME = AppIcon;
				ASSETCATALOG_COMPILER_GLOBAL_ACCENT_COLOR_NAME = AccentColor;
				CODE_SIGN_STYLE = Automatic;
				CURRENT_PROJECT_VERSION = 1;
				DEVELOPMENT_ASSET_PATHS = "\"JobLooking/Preview Content\"";
				ENABLE_PREVIEWS = YES;
				GENERATE_INFOPLIST_FILE = YES;
				INFOPLIST_KEY_UIApplicationSceneManifest_Generation = YES;
				INFOPLIST_KEY_UIApplicationSupportsIndirectInputEvents = YES;
				INFOPLIST_KEY_UILaunchScreen_Generation = YES;
				INFOPLIST_KEY_UISupportedInterfaceOrientations_iPad = "UIInterfaceOrientationPortrait UIInterfaceOrientationPortraitUpsideDown UIInterfaceOrientationLandscapeLeft UIInterfaceOrientationLandscapeRight";
				INFOPLIST_KEY_UISupportedInterfaceOrientations_iPhone = "UIInterfaceOrientationPortrait UIInterfaceOrientationLandscapeLeft UIInterfaceOrientationLandscapeRight";
				LD_RUNPATH_SEARCH_PATHS = (
					"$(inherited)",
					"@executable_path/Frameworks",
				);
				MARKETING_VERSION = 1.0;
				PRODUCT_BUNDLE_IDENTIFIER = "-2121.JobLooking";
				PRODUCT_NAME = "$(TARGET_NAME)";
				SUPPORTED_PLATFORMS = "iphoneos iphonesimulator";
				SUPPORTS_MACCATALYST = NO;
				SUPPORTS_MAC_DESIGNED_FOR_IPHONE_IPAD = NO;
				SWIFT_EMIT_LOC_STRINGS = YES;
				SWIFT_VERSION = 5.0;
				TARGETED_DEVICE_FAMILY = 1;
			};
			name = Release;
		};
/* End XCBuildConfiguration section */

/* Begin XCConfigurationList section */
		E727056F2BA30B090059A7B7 /* Build configuration list for PBXProject "JobLooking" */ = {
			isa = XCConfigurationList;
			buildConfigurations = (
				E72705802BA30B0B0059A7B7 /* Debug */,
				E72705812BA30B0B0059A7B7 /* Release */,
			);
			defaultConfigurationIsVisible = 0;
			defaultConfigurationName = Release;
		};
		E72705822BA30B0B0059A7B7 /* Build configuration list for PBXNativeTarget "JobLooking" */ = {
			isa = XCConfigurationList;
			buildConfigurations = (
				E72705832BA30B0B0059A7B7 /* Debug */,
				E72705842BA30B0B0059A7B7 /* Release */,
			);
			defaultConfigurationIsVisible = 0;
			defaultConfigurationName = Release;
		};
/* End XCConfigurationList section */
	};
	rootObject = E727056C2BA30B090059A7B7 /* Project object */;
}
